
Microsoft Visual Studio Solution File, Format Version 12.00
# Visual Studio Version 17
VisualStudioVersion = 17.11.35222.181
MinimumVisualStudioVersion = 10.0.40219.1
Project("{FAE04EC0-301F-11D3-BF4B-00C04F79EFBC}") = "Rua404", "Rua404\Rua404.csproj", "{8EA3140F-A1F4-4E47-A507-A51A7799F899}"
EndProject
Project("{FAE04EC0-301F-11D3-BF4B-00C04F79EFBC}") = "Rua404.Infraestrutura", "Rua404.Infraestrutura\Rua404.Infraestrutura.csproj", "{CF1B8994-026E-4EA1-93BD-C91FBF55E052}"
EndProject
Project("{FAE04EC0-301F-11D3-BF4B-00C04F79EFBC}") = "Rua404.Domain", "Rua404.Domain\Rua404.Domain.csproj", "{94D74282-CCB4-4EC9-B64B-5BD93C46CBC0}"
EndProject
Global
	GlobalSection(SolutionConfigurationPlatforms) = preSolution
		Debug|Any CPU = Debug|Any CPU
		Release|Any CPU = Release|Any CPU
	EndGlobalSection
	GlobalSection(ProjectConfigurationPlatforms) = postSolution
		{8EA3140F-A1F4-4E47-A507-A51A7799F899}.Debug|Any CPU.ActiveCfg = Debug|Any CPU
		{8EA3140F-A1F4-4E47-A507-A51A7799F899}.Debug|Any CPU.Build.0 = Debug|Any CPU
		{8EA3140F-A1F4-4E47-A507-A51A7799F899}.Release|Any CPU.ActiveCfg = Release|Any CPU
		{8EA3140F-A1F4-4E47-A507-A51A7799F899}.Release|Any CPU.Build.0 = Release|Any CPU
		{CF1B8994-026E-4EA1-93BD-C91FBF55E052}.Debug|Any CPU.ActiveCfg = Debug|Any CPU
		{CF1B8994-026E-4EA1-93BD-C91FBF55E052}.Debug|Any CPU.Build.0 = Debug|Any CPU
		{CF1B8994-026E-4EA1-93BD-C91FBF55E052}.Release|Any CPU.ActiveCfg = Release|Any CPU
		{CF1B8994-026E-4EA1-93BD-C91FBF55E052}.Release|Any CPU.Build.0 = Release|Any CPU
		{94D74282-CCB4-4EC9-B64B-5BD93C46CBC0}.Debug|Any CPU.ActiveCfg = Debug|Any CPU
		{94D74282-CCB4-4EC9-B64B-5BD93C46CBC0}.Debug|Any CPU.Build.0 = Debug|Any CPU
		{94D74282-CCB4-4EC9-B64B-5BD93C46CBC0}.Release|Any CPU.ActiveCfg = Release|Any CPU
		{94D74282-CCB4-4EC9-B64B-5BD93C46CBC0}.Release|Any CPU.Build.0 = Release|Any CPU
	EndGlobalSection
	GlobalSection(SolutionProperties) = preSolution
		HideSolutionNode = FALSE
	EndGlobalSection
	GlobalSection(ExtensibilityGlobals) = postSolution
		SolutionGuid = {5226119F-7EB9-4756-9109-A5792BCF35A0}
	EndGlobalSection
EndGlobal
